
Microsoft Visual Studio Solution File, Format Version 12.00
# Visual Studio Version 17
VisualStudioVersion = 17.5.33424.131
MinimumVisualStudioVersion = 10.0.40219.1
Project("{FAE04EC0-301F-11D3-BF4B-00C04F79EFBC}") = "PubSubDemo", "PubSubDemo\PubSubDemo.csproj", "{2101B0B5-FCD9-426C-84FA-09B08E1FEC69}"
EndProject
Project("{FAE04EC0-301F-11D3-BF4B-00C04F79EFBC}") = "MessageSender", "MessageSender\MessageSender.csproj", "{1D28146C-EB5C-42BA-9239-63F1E88DE7F2}"
EndProject
Project("{FAE04EC0-301F-11D3-BF4B-00C04F79EFBC}") = "SharedModels", "SharedModels\SharedModels.csproj", "{1E311DB8-0B83-49CD-838A-778E70624227}"
EndProject
Global
	GlobalSection(SolutionConfigurationPlatforms) = preSolution
		Debug|Any CPU = Debug|Any CPU
		Release|Any CPU = Release|Any CPU
	EndGlobalSection
	GlobalSection(ProjectConfigurationPlatforms) = postSolution
		{2101B0B5-FCD9-426C-84FA-09B08E1FEC69}.Debug|Any CPU.ActiveCfg = Debug|Any CPU
		{2101B0B5-FCD9-426C-84FA-09B08E1FEC69}.Debug|Any CPU.Build.0 = Debug|Any CPU
		{2101B0B5-FCD9-426C-84FA-09B08E1FEC69}.Release|Any CPU.ActiveCfg = Release|Any CPU
		{2101B0B5-FCD9-426C-84FA-09B08E1FEC69}.Release|Any CPU.Build.0 = Release|Any CPU
		{1D28146C-EB5C-42BA-9239-63F1E88DE7F2}.Debug|Any CPU.ActiveCfg = Debug|Any CPU
		{1D28146C-EB5C-42BA-9239-63F1E88DE7F2}.Debug|Any CPU.Build.0 = Debug|Any CPU
		{1D28146C-EB5C-42BA-9239-63F1E88DE7F2}.Release|Any CPU.ActiveCfg = Release|Any CPU
		{1D28146C-EB5C-42BA-9239-63F1E88DE7F2}.Release|Any CPU.Build.0 = Release|Any CPU
		{1E311DB8-0B83-49CD-838A-778E70624227}.Debug|Any CPU.ActiveCfg = Debug|Any CPU
		{1E311DB8-0B83-49CD-838A-778E70624227}.Debug|Any CPU.Build.0 = Debug|Any CPU
		{1E311DB8-0B83-49CD-838A-778E70624227}.Release|Any CPU.ActiveCfg = Release|Any CPU
		{1E311DB8-0B83-49CD-838A-778E70624227}.Release|Any CPU.Build.0 = Release|Any CPU
	EndGlobalSection
	GlobalSection(SolutionProperties) = preSolution
		HideSolutionNode = FALSE
	EndGlobalSection
	GlobalSection(ExtensibilityGlobals) = postSolution
		SolutionGuid = {0465C7DC-3310-4283-B2EB-4FD01C9885CB}
	EndGlobalSection
EndGlobal
